{
  "version": 4,
  "terraform_version": "1.12.2",
  "serial": 1,
  "lineage": "b8040f99-167f-5736-6d62-586af70f108d",
  "outputs": {
    "key_vault_name": {
      "value": "myKeyVault",
      "type": "string"
    }
  },
  "resources": [
    {
      "mode": "managed",
      "type": "azurerm_resource_group",
      "name": "keyvault_rg",
      "provider": "provider[\"registry.terraform.io/hashicorp/azurerm\"]",
      "instances": [
        {
          "schema_version": 0,
          "attributes": {
            "id": "/subscriptions/7f16aeca-0ad0-4844-845d-fad64868f677/resourceGroups/keyvault-resources",
            "location": "westeurope",
            "managed_by": "",
            "name": "keyvault-resources",
            "tags": null,
            "timeouts": null
          },
          "sensitive_attributes": [],
          "identity_schema_version": 0,
          "private": "eyJlMmJmYjczMC1lY2FhLTExZTYtOGY4OC0zNDM2M2JjN2M0YzAiOnsiY3JlYXRlIjo1NDAwMDAwMDAwMDAwLCJkZWxldGUiOjU0MDAwMDAwMDAwMDAsInJlYWQiOjMwMDAwMDAwMDAwMCwidXBkYXRlIjo1NDAwMDAwMDAwMDAwfX0="
        }
      ]
    }
  ],
  "check_results": null
}
