{
  "version": 4,
  "terraform_version": "1.12.2",
  "serial": 3,
  "lineage": "b8040f99-167f-5736-6d62-586af70f108d",
  "outputs": {
    "key_vault_id": {
      "value": "/subscriptions/7f16aeca-0ad0-4844-845d-fad64868f677/resourceGroups/keyvault-resources/providers/Microsoft.KeyVault/vaults/Algorimsvault",
      "type": "string"
    },
    "key_vault_name": {
      "value": "Algorimsvault",
      "type": "string"
    },
    "key_vault_uri": {
      "value": "https://algorimsvault.vault.azure.net/",
      "type": "string"
    }
  },
  "resources": [
    {
      "mode": "managed",
      "type": "azurerm_key_vault",
      "name": "algorims",
      "provider": "provider[\"registry.terraform.io/hashicorp/azurerm\"]",
      "instances": [
        {
          "schema_version": 2,
          "attributes": {
            "access_policy": [
              {
                "application_id": "",
                "certificate_permissions": null,
                "key_permissions": [
                  "Get",
                  "List",
                  "Create",
                  "Delete",
                  "Import",
                  "Update"
                ],
                "object_id": "2f78ed3c-cd44-4df3-afd4-f008899bf9ce",
                "secret_permissions": [
                  "Get",
                  "List",
                  "Set",
                  "Delete"
                ],
                "storage_permissions": null,
                "tenant_id": "9c26bc1d-0dac-4b03-b3b2-4b19e2dcf202"
              }
            ],
            "contact": [],
            "enable_rbac_authorization": false,
            "enabled_for_deployment": false,
            "enabled_for_disk_encryption": false,
            "enabled_for_template_deployment": false,
            "id": "/subscriptions/7f16aeca-0ad0-4844-845d-fad64868f677/resourceGroups/keyvault-resources/providers/Microsoft.KeyVault/vaults/Algorimsvault",
            "location": "westeurope",
            "name": "Algorimsvault",
            "network_acls": [
              {
                "bypass": "AzureServices",
                "default_action": "Allow",
                "ip_rules": [],
                "virtual_network_subnet_ids": []
              }
            ],
            "public_network_access_enabled": true,
            "purge_protection_enabled": false,
            "resource_group_name": "keyvault-resources",
            "sku_name": "standard",
            "soft_delete_retention_days": 7,
            "tags": null,
            "tenant_id": "9c26bc1d-0dac-4b03-b3b2-4b19e2dcf202",
            "timeouts": null,
            "vault_uri": "https://algorimsvault.vault.azure.net/"
          },
          "sensitive_attributes": [],
          "identity_schema_version": 0,
          "private": "eyJlMmJmYjczMC1lY2FhLTExZTYtOGY4OC0zNDM2M2JjN2M0YzAiOnsiY3JlYXRlIjoxODAwMDAwMDAwMDAwLCJkZWxldGUiOjE4MDAwMDAwMDAwMDAsInJlYWQiOjMwMDAwMDAwMDAwMCwidXBkYXRlIjoxODAwMDAwMDAwMDAwfSwic2NoZW1hX3ZlcnNpb24iOiIyIn0=",
          "dependencies": [
            "azurerm_resource_group.keyvault_rg"
          ]
        }
      ]
    },
    {
      "mode": "managed",
      "type": "azurerm_resource_group",
      "name": "keyvault_rg",
      "provider": "provider[\"registry.terraform.io/hashicorp/azurerm\"]",
      "instances": [
        {
          "schema_version": 0,
          "attributes": {
            "id": "/subscriptions/7f16aeca-0ad0-4844-845d-fad64868f677/resourceGroups/keyvault-resources",
            "location": "westeurope",
            "managed_by": "",
            "name": "keyvault-resources",
            "tags": {},
            "timeouts": null
          },
          "sensitive_attributes": [],
          "identity_schema_version": 0,
          "private": "eyJlMmJmYjczMC1lY2FhLTExZTYtOGY4OC0zNDM2M2JjN2M0YzAiOnsiY3JlYXRlIjo1NDAwMDAwMDAwMDAwLCJkZWxldGUiOjU0MDAwMDAwMDAwMDAsInJlYWQiOjMwMDAwMDAwMDAwMCwidXBkYXRlIjo1NDAwMDAwMDAwMDAwfX0="
        }
      ]
    }
  ],
  "check_results": null
}
